
Microsoft Visual Studio Solution File, Format Version 12.00
# Visual Studio 15
Project("{2150E333-8FDC-42A3-9474-1A3956D46DE8}") = "Services", "Services", "{BB1A6EE5-45F3-4A3F-9438-D2C4DFE43CB7}"
EndProject
Project("{2150E333-8FDC-42A3-9474-1A3956D46DE8}") = "Managers", "Managers", "{09CBFDDC-8D5A-4C96-8967-93E76F5CC780}"
EndProject
Project("{2150E333-8FDC-42A3-9474-1A3956D46DE8}") = "Providers", "Providers", "{6BE94932-669D-412E-8A60-650AF463A315}"
EndProject
Project("{2150E333-8FDC-42A3-9474-1A3956D46DE8}") = "Models", "Models", "{A970C0AC-E7AE-4D83-A017-E949B7489581}"
EndProject
Project("{FAE04EC0-301F-11D3-BF4B-00C04F79EFBC}") = "QuestionModel", "QuestionModel\QuestionModel.csproj", "{255B4942-EA37-4520-B980-DC3392EA2CEA}"
EndProject
Project("{FAE04EC0-301F-11D3-BF4B-00C04F79EFBC}") = "QuestionManager", "QuestionManager\QuestionManager.csproj", "{74E8BE50-0381-48A2-A9B7-822E29A1EDC8}"
EndProject
Project("{FAE04EC0-301F-11D3-BF4B-00C04F79EFBC}") = "ModelBase", "ModelBase\ModelBase.csproj", "{163A2EFC-E248-4F4E-B1BE-B5B724D7300D}"
EndProject
Project("{FAE04EC0-301F-11D3-BF4B-00C04F79EFBC}") = "DataBaseProvider", "DataBaseProvider\DataBaseProvider.csproj", "{05824093-A51E-4F1E-9175-F88F3DBF18B4}"
EndProject
Project("{FAE04EC0-301F-11D3-BF4B-00C04F79EFBC}") = "Questions", "Questions\Questions.csproj", "{F3CE35E3-9F88-49B7-9E63-226397074114}"
EndProject
Project("{FAE04EC0-301F-11D3-BF4B-00C04F79EFBC}") = "QuestionProvider", "QuestionProvider\QuestionProvider.csproj", "{45BA4CBE-3CB6-4CA6-811A-CEF2EB8E6ACC}"
EndProject
Project("{FAE04EC0-301F-11D3-BF4B-00C04F79EFBC}") = "AnswerModel", "AnswerModel\AnswerModel.csproj", "{968820DF-6D85-49AE-8CEA-D8DC443A367C}"
EndProject
Global
	GlobalSection(SolutionConfigurationPlatforms) = preSolution
		Debug|Any CPU = Debug|Any CPU
		Release|Any CPU = Release|Any CPU
	EndGlobalSection
	GlobalSection(ProjectConfigurationPlatforms) = postSolution
		{255B4942-EA37-4520-B980-DC3392EA2CEA}.Debug|Any CPU.ActiveCfg = Debug|Any CPU
		{255B4942-EA37-4520-B980-DC3392EA2CEA}.Debug|Any CPU.Build.0 = Debug|Any CPU
		{255B4942-EA37-4520-B980-DC3392EA2CEA}.Release|Any CPU.ActiveCfg = Release|Any CPU
		{255B4942-EA37-4520-B980-DC3392EA2CEA}.Release|Any CPU.Build.0 = Release|Any CPU
		{74E8BE50-0381-48A2-A9B7-822E29A1EDC8}.Debug|Any CPU.ActiveCfg = Debug|Any CPU
		{74E8BE50-0381-48A2-A9B7-822E29A1EDC8}.Debug|Any CPU.Build.0 = Debug|Any CPU
		{74E8BE50-0381-48A2-A9B7-822E29A1EDC8}.Release|Any CPU.ActiveCfg = Release|Any CPU
		{74E8BE50-0381-48A2-A9B7-822E29A1EDC8}.Release|Any CPU.Build.0 = Release|Any CPU
		{163A2EFC-E248-4F4E-B1BE-B5B724D7300D}.Debug|Any CPU.ActiveCfg = Debug|Any CPU
		{163A2EFC-E248-4F4E-B1BE-B5B724D7300D}.Debug|Any CPU.Build.0 = Debug|Any CPU
		{163A2EFC-E248-4F4E-B1BE-B5B724D7300D}.Release|Any CPU.ActiveCfg = Release|Any CPU
		{163A2EFC-E248-4F4E-B1BE-B5B724D7300D}.Release|Any CPU.Build.0 = Release|Any CPU
		{05824093-A51E-4F1E-9175-F88F3DBF18B4}.Debug|Any CPU.ActiveCfg = Debug|Any CPU
		{05824093-A51E-4F1E-9175-F88F3DBF18B4}.Debug|Any CPU.Build.0 = Debug|Any CPU
		{05824093-A51E-4F1E-9175-F88F3DBF18B4}.Release|Any CPU.ActiveCfg = Release|Any CPU
		{05824093-A51E-4F1E-9175-F88F3DBF18B4}.Release|Any CPU.Build.0 = Release|Any CPU
		{F3CE35E3-9F88-49B7-9E63-226397074114}.Debug|Any CPU.ActiveCfg = Debug|Any CPU
		{F3CE35E3-9F88-49B7-9E63-226397074114}.Debug|Any CPU.Build.0 = Debug|Any CPU
		{F3CE35E3-9F88-49B7-9E63-226397074114}.Release|Any CPU.ActiveCfg = Release|Any CPU
		{F3CE35E3-9F88-49B7-9E63-226397074114}.Release|Any CPU.Build.0 = Release|Any CPU
		{45BA4CBE-3CB6-4CA6-811A-CEF2EB8E6ACC}.Debug|Any CPU.ActiveCfg = Debug|Any CPU
		{45BA4CBE-3CB6-4CA6-811A-CEF2EB8E6ACC}.Debug|Any CPU.Build.0 = Debug|Any CPU
		{45BA4CBE-3CB6-4CA6-811A-CEF2EB8E6ACC}.Release|Any CPU.ActiveCfg = Release|Any CPU
		{45BA4CBE-3CB6-4CA6-811A-CEF2EB8E6ACC}.Release|Any CPU.Build.0 = Release|Any CPU
		{968820DF-6D85-49AE-8CEA-D8DC443A367C}.Debug|Any CPU.ActiveCfg = Debug|Any CPU
		{968820DF-6D85-49AE-8CEA-D8DC443A367C}.Debug|Any CPU.Build.0 = Debug|Any CPU
		{968820DF-6D85-49AE-8CEA-D8DC443A367C}.Release|Any CPU.ActiveCfg = Release|Any CPU
		{968820DF-6D85-49AE-8CEA-D8DC443A367C}.Release|Any CPU.Build.0 = Release|Any CPU
	EndGlobalSection
	GlobalSection(NestedProjects) = preSolution
		{255B4942-EA37-4520-B980-DC3392EA2CEA} = {A970C0AC-E7AE-4D83-A017-E949B7489581}
		{74E8BE50-0381-48A2-A9B7-822E29A1EDC8} = {09CBFDDC-8D5A-4C96-8967-93E76F5CC780}
		{163A2EFC-E248-4F4E-B1BE-B5B724D7300D} = {A970C0AC-E7AE-4D83-A017-E949B7489581}
		{05824093-A51E-4F1E-9175-F88F3DBF18B4} = {6BE94932-669D-412E-8A60-650AF463A315}
		{F3CE35E3-9F88-49B7-9E63-226397074114} = {BB1A6EE5-45F3-4A3F-9438-D2C4DFE43CB7}
		{45BA4CBE-3CB6-4CA6-811A-CEF2EB8E6ACC} = {6BE94932-669D-412E-8A60-650AF463A315}
		{968820DF-6D85-49AE-8CEA-D8DC443A367C} = {A970C0AC-E7AE-4D83-A017-E949B7489581}
	EndGlobalSection
EndGlobal
